# This file was autogenerated by Stack.
# You should not edit this file by hand.
# For more information, please see the documentation at:
#   https://docs.haskellstack.org/en/stable/lock_files

packages:
- completed:
    hackage: concurrent-supply-0.1.8@sha256:80b658533141660818d0781b8c8fb9a8cf69b987fcfbab782dc788bfc7df4846,1627
    pantry-tree:
      sha256: 8ede0db0bb492f20b2ef34e822ac3e957b31693cd6b7ffd502bec11abcba1955
      size: 400
  original:
    hackage: concurrent-supply-0.1.8
- completed:
    hackage: language-lua-0.11.0.2@sha256:5eedabf72cad2f286061b81ae2d6d8df1e9c9ed27e8924461aabb742aa9213ba,2328
    pantry-tree:
      sha256: 75649f2915f7f87cfe494e9f5766ab85f5082fdfd7657f3489cd32c10717034c
      size: 3473
  original:
    hackage: language-lua-0.11.0.2
- completed:
    commit: 516f52b13870fa7d99b0503a0730438f07891340
    git: https://github.com/jkoppel/language-javascript.git
    name: language-javascript
    pantry-tree:
      sha256: b0a5fff33cc480c150782b1db22aba3b53d9a2151e542413babc896e2e3008e1
      size: 3057
    version: 0.6.0.10
  original:
    commit: 516f52b13870fa7d99b0503a0730438f07891340
    git: https://github.com/jkoppel/language-javascript.git
- completed:
    hackage: language-dot-0.1.2@sha256:23735f11afe5ea2417f9cf9deda11ea64679a6c83d41c5947e9e132e0739fb95,1665
    pantry-tree:
      sha256: 4c9ff040a850d1d24f16b349f79c02020c8239404455c3dfdb78a4e7cbdf62aa
      size: 525
  original:
    hackage: language-dot-0.1.2
- completed:
    commit: 9a496ea8da36742ab3c4ca7769f072f8f6091deb
    git: https://github.com/jkoppel/language-c.git
    name: language-c
    pantry-tree:
      sha256: 19168d34e6960b518dac1ab06b4eb02950ed01142a342785273b08fab516c3f6
      size: 17130
    version: 0.5.3
  original:
    commit: 9a496ea8da36742ab3c4ca7769f072f8f6091deb
    git: https://github.com/jkoppel/language-c.git
- completed:
    commit: 31de71c063d8586d6d69f49fbc55030f7e865593
    git: https://github.com/jkoppel/language-java.git
    name: language-java
    pantry-tree:
      sha256: 96fcd88fe93ba3c45aebc752bed630506b351d3750dafb427ba1ec69cff7d341
      size: 3859
    version: 0.2.8.2
  original:
    commit: 31de71c063d8586d6d69f49fbc55030f7e865593
    git: https://github.com/jkoppel/language-java.git
- completed:
    commit: 4ef1ba415badfb58e043bef543d9d9857ab0f2cc
    git: https://github.com/jkoppel/language-python.git
    name: language-python
    pantry-tree:
      sha256: 7d02e1067d47c814aa5b59da7c22e4c208e12fb3f802fd1f5385db9a7b95a626
      size: 2432
    subdir: language-python
    version: 0.6.2
  original:
    commit: 4ef1ba415badfb58e043bef543d9d9857ab0f2cc
    git: https://github.com/jkoppel/language-python.git
    subdir: language-python
- completed:
    hackage: wl-pprint-1.2.1@sha256:aea676cff4a062d7d912149d270e33f5bb0c01b68a9db46ff13b438141ff4b7c,734
    pantry-tree:
      sha256: 750b375c6fc33400551f9e32e26e41844c372270a9bc3571e912fa36df7c6d4f
      size: 221
  original:
    hackage: wl-pprint-1.2.1@sha256:aea676cff4a062d7d912149d270e33f5bb0c01b68a9db46ff13b438141ff4b7c,734
- completed:
    hackage: alex-tools-0.6.1@sha256:10581276d4a6548534e34fd974457cc26a1dad3ad931baa8784a8250351e1408,1068
    pantry-tree:
      sha256: f4b83cf2cba6a1e1f2079a2e533d1aab2a3959a722890d438d5704a2d753a98e
      size: 323
  original:
    hackage: alex-tools-0.6.1
- completed:
    commit: ed56714c994693e7458ad5f5b02d6bb1c53fe435
    git: https://github.com/jkoppel/solidity-hs
    name: solidity
    pantry-tree:
      sha256: 77dffe6a529bd706dd247415348eb3ab44cac672cd90c44b65eaa933bf30df6d
      size: 5173
    version: 0.1.0.13
  original:
    commit: ed56714c994693e7458ad5f5b02d6bb1c53fe435
    git: https://github.com/jkoppel/solidity-hs
snapshots:
- completed:
    sha256: 296a7960c37efa382432ab497161a092684191815eb92a608c5d6ea5f894ace3
    size: 683835
    url: https://raw.githubusercontent.com/commercialhaskell/stackage-snapshots/master/lts/23/19.yaml
  original: lts-23.19
